{
  "name": "luau-interop-web-tests",
  "lockfileVersion": 3,
  "requires": true,
  "packages": {
    "": {
      "name": "luau-interop-web-tests",
      "devDependencies": {
        "luau-web": "1.5.0",
        "playwright": "1.64.0"
      }
    },
    "node_modules/luau-web": {
      "version": "1.5.0",
      "resolved": "https://registry.npmjs.org/luau-web/-/luau-web-1.5.0.tgz",
      "integrity": "sha512-9ED1epPWFQJKgXgwvd+QNepqgkS2i5KUNNU5e3/qWog2FKeaKDop+8eZjcRZzzHFQ3i5Mu7RPxYf69IK/8YXjA==",
      "dev": true,
      "license": "MIT"
    },
    "node_modules/playwright": {
      "version": "1.64.0",
      "resolved": "https://registry.npmjs.org/playwright/-/playwright-1.64.0.tgz",
      "integrity": "sha512-kVzTnYFYEyQ9RGzBjNCd2+yEqWmVbxl3AHPynv3qQ6JTjv4a+kwRcnqQwIpuP3NnrnIrE/Q6wWAIAvMfIE2/Yg==",
      "dev": true,
      "license": "Apache-2.0",
      "dependencies": {
        "playwright-core": "1.64.0"
      },
      "bin": {
        "playwright": "cli.js"
      },
      "engines": {
        "node": ">=20"
      }
    },
    "node_modules/playwright-core": {
      "version": "1.64.0",
      "resolved": "https://registry.npmjs.org/playwright-core/-/playwright-core-1.64.0.tgz",
      "integrity": "sha512-T9r+MZkTECl2+oUcZ26YgZzTrYidTsIhYYkJix+6iDOymOb1FB2RLLSOxRGnZGv5DStt+aduIVbt+E8WygXYpg==",
      "dev": true,
      "license": "Apache-2.0",
      "bin": {
        "playwright-core": "cli.js"
      },
      "engines": {
        "node": ">=20"
      }
    }
  }
}
